
Microsoft Visual Studio Solution File, Format Version 12.00
# Visual Studio 15
VisualStudioVersion = 15.0.28307.271
MinimumVisualStudioVersion = 10.0.40219.1
Project("{FAE04EC0-301F-11D3-BF4B-00C04F79EFBC}") = "Lab1", "Lab1\Lab1.csproj", "{7F771D5F-85D0-4DFB-9891-808522971D24}"
EndProject
Project("{FAE04EC0-301F-11D3-BF4B-00C04F79EFBC}") = "ICT3101_Calculator.UnitTests", "ICT3101_Calculator.UnitTests\ICT3101_Calculator.UnitTests.csproj", "{EE198FF1-CBF1-4CBD-979F-E085EA602F0A}"
EndProject
Global
	GlobalSection(SolutionConfigurationPlatforms) = preSolution
		Debug|Any CPU = Debug|Any CPU
		Release|Any CPU = Release|Any CPU
	EndGlobalSection
	GlobalSection(ProjectConfigurationPlatforms) = postSolution
		{7F771D5F-85D0-4DFB-9891-808522971D24}.Debug|Any CPU.ActiveCfg = Debug|Any CPU
		{7F771D5F-85D0-4DFB-9891-808522971D24}.Debug|Any CPU.Build.0 = Debug|Any CPU
		{7F771D5F-85D0-4DFB-9891-808522971D24}.Release|Any CPU.ActiveCfg = Release|Any CPU
		{7F771D5F-85D0-4DFB-9891-808522971D24}.Release|Any CPU.Build.0 = Release|Any CPU
		{EE198FF1-CBF1-4CBD-979F-E085EA602F0A}.Debug|Any CPU.ActiveCfg = Debug|Any CPU
		{EE198FF1-CBF1-4CBD-979F-E085EA602F0A}.Debug|Any CPU.Build.0 = Debug|Any CPU
		{EE198FF1-CBF1-4CBD-979F-E085EA602F0A}.Release|Any CPU.ActiveCfg = Release|Any CPU
		{EE198FF1-CBF1-4CBD-979F-E085EA602F0A}.Release|Any CPU.Build.0 = Release|Any CPU
	EndGlobalSection
	GlobalSection(SolutionProperties) = preSolution
		HideSolutionNode = FALSE
	EndGlobalSection
	GlobalSection(ExtensibilityGlobals) = postSolution
		SolutionGuid = {E02BA919-78E2-4733-9C12-A8D0AA725E30}
	EndGlobalSection
EndGlobal
