
Microsoft Visual Studio Solution File, Format Version 12.00
# Visual Studio 15
VisualStudioVersion = 15.0.28307.271
MinimumVisualStudioVersion = 10.0.40219.1
Project("{9A19103F-16F7-4668-BE54-9A1E7A4F7556}") = "Lab1", "Lab1\Lab1.csproj", "{7F771D5F-85D0-4DFB-9891-808522971D24}"
EndProject
Project("{9A19103F-16F7-4668-BE54-9A1E7A4F7556}") = "ICT3101_Calculator.UnitTests", "ICT3101_Calculator.UnitTests\ICT3101_Calculator.UnitTests.csproj", "{EE198FF1-CBF1-4CBD-979F-E085EA602F0A}"
EndProject
Project("{2150E333-8FDC-42A3-9474-1A3956D46DE8}") = "Solution Items", "Solution Items", "{DC01EA45-5A66-4A2E-9506-B46DD1DFA71F}"
	ProjectSection(SolutionItems) = preProject
		.travis.yml = .travis.yml
	EndProjectSection
EndProject
Global
	GlobalSection(SolutionConfigurationPlatforms) = preSolution
		Debug|Any CPU = Debug|Any CPU
		Release|Any CPU = Release|Any CPU
	EndGlobalSection
	GlobalSection(ProjectConfigurationPlatforms) = postSolution
		{7F771D5F-85D0-4DFB-9891-808522971D24}.Debug|Any CPU.ActiveCfg = Debug|Any CPU
		{7F771D5F-85D0-4DFB-9891-808522971D24}.Debug|Any CPU.Build.0 = Debug|Any CPU
		{7F771D5F-85D0-4DFB-9891-808522971D24}.Release|Any CPU.ActiveCfg = Release|Any CPU
		{7F771D5F-85D0-4DFB-9891-808522971D24}.Release|Any CPU.Build.0 = Release|Any CPU
		{EE198FF1-CBF1-4CBD-979F-E085EA602F0A}.Debug|Any CPU.ActiveCfg = Debug|Any CPU
		{EE198FF1-CBF1-4CBD-979F-E085EA602F0A}.Debug|Any CPU.Build.0 = Debug|Any CPU
		{EE198FF1-CBF1-4CBD-979F-E085EA602F0A}.Release|Any CPU.ActiveCfg = Release|Any CPU
		{EE198FF1-CBF1-4CBD-979F-E085EA602F0A}.Release|Any CPU.Build.0 = Release|Any CPU
	EndGlobalSection
	GlobalSection(SolutionProperties) = preSolution
		HideSolutionNode = FALSE
	EndGlobalSection
	GlobalSection(ExtensibilityGlobals) = postSolution
		SolutionGuid = {E02BA919-78E2-4733-9C12-A8D0AA725E30}
	EndGlobalSection
EndGlobal
